
Microsoft Visual Studio Solution File, Format Version 12.00
# Visual Studio Version 17
VisualStudioVersion = 17.11.35125.118
MinimumVisualStudioVersion = 10.0.40219.1
Project("{9A19103F-16F7-4668-BE54-9A1E7A4F7556}") = "SharpScript", "src\SharpScript.csproj", "{54123E3A-08B0-454A-8764-89122075A92D}"
EndProject
Global
	GlobalSection(SolutionConfigurationPlatforms) = preSolution
		Debug|Any CPU = Debug|Any CPU
		Release|Any CPU = Release|Any CPU
	EndGlobalSection
	GlobalSection(ProjectConfigurationPlatforms) = postSolution
		{54123E3A-08B0-454A-8764-89122075A92D}.Debug|Any CPU.ActiveCfg = Debug|Any CPU
		{54123E3A-08B0-454A-8764-89122075A92D}.Debug|Any CPU.Build.0 = Debug|Any CPU
		{54123E3A-08B0-454A-8764-89122075A92D}.Release|Any CPU.ActiveCfg = Release|Any CPU
		{54123E3A-08B0-454A-8764-89122075A92D}.Release|Any CPU.Build.0 = Release|Any CPU
	EndGlobalSection
	GlobalSection(SolutionProperties) = preSolution
		HideSolutionNode = FALSE
	EndGlobalSection
	GlobalSection(ExtensibilityGlobals) = postSolution
		SolutionGuid = {EA3F39F4-5AF6-4959-A571-526BE3915302}
	EndGlobalSection
EndGlobal
