
Microsoft Visual Studio Solution File, Format Version 12.00
# Visual Studio 15
VisualStudioVersion = 15.0.26114.2
MinimumVisualStudioVersion = 10.0.40219.1
Project("{FAE04EC0-301F-11D3-BF4B-00C04F79EFBC}") = "RestFiles", "RestFiles\RestFiles.csproj", "{7FD3201E-FD63-4809-A22B-E2614F126D68}"
EndProject
Project("{FAE04EC0-301F-11D3-BF4B-00C04F79EFBC}") = "RestFiles.ServiceInterface", "RestFiles.ServiceInterface\RestFiles.ServiceInterface.csproj", "{680D4B82-9C78-4601-83D8-0D11D7B288C7}"
EndProject
Project("{FAE04EC0-301F-11D3-BF4B-00C04F79EFBC}") = "RestFiles.ServiceModel", "RestFiles.ServiceModel\RestFiles.ServiceModel.csproj", "{F8A167D4-056F-4935-B76C-180D433EAFD4}"
EndProject
Project("{FAE04EC0-301F-11D3-BF4B-00C04F79EFBC}") = "RestFiles.Tests", "RestFiles.Tests\RestFiles.Tests.csproj", "{D33DF484-D242-457E-AD8C-4C192B16EF9E}"
EndProject
Global
	GlobalSection(SolutionConfigurationPlatforms) = preSolution
		Debug|Any CPU = Debug|Any CPU
		Release|Any CPU = Release|Any CPU
	EndGlobalSection
	GlobalSection(ProjectConfigurationPlatforms) = postSolution
		{7FD3201E-FD63-4809-A22B-E2614F126D68}.Debug|Any CPU.ActiveCfg = Debug|Any CPU
		{7FD3201E-FD63-4809-A22B-E2614F126D68}.Debug|Any CPU.Build.0 = Debug|Any CPU
		{7FD3201E-FD63-4809-A22B-E2614F126D68}.Release|Any CPU.ActiveCfg = Release|Any CPU
		{7FD3201E-FD63-4809-A22B-E2614F126D68}.Release|Any CPU.Build.0 = Release|Any CPU
		{680D4B82-9C78-4601-83D8-0D11D7B288C7}.Debug|Any CPU.ActiveCfg = Debug|Any CPU
		{680D4B82-9C78-4601-83D8-0D11D7B288C7}.Debug|Any CPU.Build.0 = Debug|Any CPU
		{680D4B82-9C78-4601-83D8-0D11D7B288C7}.Release|Any CPU.ActiveCfg = Release|Any CPU
		{680D4B82-9C78-4601-83D8-0D11D7B288C7}.Release|Any CPU.Build.0 = Release|Any CPU
		{F8A167D4-056F-4935-B76C-180D433EAFD4}.Debug|Any CPU.ActiveCfg = Debug|Any CPU
		{F8A167D4-056F-4935-B76C-180D433EAFD4}.Debug|Any CPU.Build.0 = Debug|Any CPU
		{F8A167D4-056F-4935-B76C-180D433EAFD4}.Release|Any CPU.ActiveCfg = Release|Any CPU
		{F8A167D4-056F-4935-B76C-180D433EAFD4}.Release|Any CPU.Build.0 = Release|Any CPU
		{D33DF484-D242-457E-AD8C-4C192B16EF9E}.Debug|Any CPU.ActiveCfg = Debug|Any CPU
		{D33DF484-D242-457E-AD8C-4C192B16EF9E}.Debug|Any CPU.Build.0 = Debug|Any CPU
		{D33DF484-D242-457E-AD8C-4C192B16EF9E}.Release|Any CPU.ActiveCfg = Release|Any CPU
		{D33DF484-D242-457E-AD8C-4C192B16EF9E}.Release|Any CPU.Build.0 = Release|Any CPU
	EndGlobalSection
	GlobalSection(SolutionProperties) = preSolution
		HideSolutionNode = FALSE
	EndGlobalSection
EndGlobal
