
Microsoft Visual Studio Solution File, Format Version 12.00
# Blend for Visual Studio Version 17
VisualStudioVersion = 17.11.35125.118
MinimumVisualStudioVersion = 10.0.40219.1
Project("{9A19103F-16F7-4668-BE54-9A1E7A4F7556}") = "EasyLocalGit", "EasyLocalGit\EasyLocalGit.csproj", "{7A7AB7F3-213B-48AB-8A18-A7D722A8C35B}"
EndProject
Project("{9A19103F-16F7-4668-BE54-9A1E7A4F7556}") = "EasyProjectMan", "EasyProjectMan\EasyProjectMan.csproj", "{411320D6-1BE5-4324-BCC0-D3B2531DC724}"
EndProject
Project("{9A19103F-16F7-4668-BE54-9A1E7A4F7556}") = "RobustCMS", "RobustCMS\RobustCMS.csproj", "{E8479F9B-148B-4608-8F90-BDA8B870C343}"
EndProject
Project("{2150E333-8FDC-42A3-9474-1A3956D46DE8}") = "EASYmixCMS", "EASYmixCMS", "{A5D6536A-C6F8-4A2B-92BB-17E4F08D2A00}"
EndProject
Project("{9A19103F-16F7-4668-BE54-9A1E7A4F7556}") = "Mix.Cms.Api", "EasyMixCMS\src\Mix.Cms.Api\Mix.Cms.Api.csproj", "{E5F94790-4B76-46DE-B266-734AB8E39ADA}"
EndProject
Project("{9A19103F-16F7-4668-BE54-9A1E7A4F7556}") = "Mix.Cms.Api.MixDatabase", "EasyMixCMS\src\Mix.Cms.Api.MixDatabase\Mix.Cms.Api.MixDatabase.csproj", "{E0FFE7C2-A733-4BD2-B84D-78336D1C3295}"
EndProject
Project("{9A19103F-16F7-4668-BE54-9A1E7A4F7556}") = "Mix.Cms.Api.RestFul", "EasyMixCMS\src\Mix.Cms.Api.RestFul\Mix.Cms.Api.RestFul.csproj", "{D2B70C0D-BBB8-4327-8221-542BB1089D25}"
EndProject
Project("{9A19103F-16F7-4668-BE54-9A1E7A4F7556}") = "Mix.Cms.Lib", "EasyMixCMS\src\Mix.Cms.Lib\Mix.Cms.Lib.csproj", "{6B21A8B4-BC5D-4A02-BAF6-3F03340678EB}"
EndProject
Project("{9A19103F-16F7-4668-BE54-9A1E7A4F7556}") = "Mix.Cms.Lib.MixDatabase", "EasyMixCMS\src\Mix.Cms.Lib.MixDatabase\Mix.Cms.Lib.MixDatabase.csproj", "{741D4946-04D4-4EB7-8C1A-3D1DC722B258}"
EndProject
Project("{9A19103F-16F7-4668-BE54-9A1E7A4F7556}") = "Mix.Cms.Lib.SignalR", "EasyMixCMS\src\Mix.Cms.Lib.SignalR\Mix.Cms.Lib.SignalR.csproj", "{B0909A0D-CE81-4A6A-93AC-80F269AB98E5}"
EndProject
Project("{9A19103F-16F7-4668-BE54-9A1E7A4F7556}") = "Mix.Cms.Schedule", "EasyMixCMS\src\Mix.Cms.Schedule\Mix.Cms.Schedule.csproj", "{A394EE12-34C4-4C04-AD47-4F945E93922C}"
EndProject
Project("{9A19103F-16F7-4668-BE54-9A1E7A4F7556}") = "Mix.Heart.NetCore", "EasyMixCMS\src\Mix.Heart.NetCore\Mix.Heart.NetCore.csproj", "{629C284C-5773-4766-A40F-A19D541C36C8}"
EndProject
Project("{9A19103F-16F7-4668-BE54-9A1E7A4F7556}") = "Mix.Identity", "EasyMixCMS\src\Mix.Identity\Mix.Identity.csproj", "{D34CE9AA-949A-47E9-8239-9E46638E0C38}"
EndProject
Project("{9A19103F-16F7-4668-BE54-9A1E7A4F7556}") = "Mix.Rest.Api.Client", "EasyMixCMS\src\Mix.Rest.Api.Client\Mix.Rest.Api.Client.csproj", "{40556736-4CDB-47D3-A5DB-054882B66CED}"
EndProject
Project("{9A19103F-16F7-4668-BE54-9A1E7A4F7556}") = "Mix.Theme.Blog", "EasyMixCMS\src\Mix.Theme.Blog\Mix.Theme.Blog.csproj", "{1D7DC18A-A893-4D9A-A7CA-BCD21C491E51}"
EndProject
Project("{9A19103F-16F7-4668-BE54-9A1E7A4F7556}") = "Mix.Theme.Common", "EasyMixCMS\src\Mix.Theme.Common\Mix.Theme.Common.csproj", "{56D52D50-7A8E-4B9D-82AD-57C4A04C9CF5}"
EndProject
Global
	GlobalSection(SolutionConfigurationPlatforms) = preSolution
		Debug|Any CPU = Debug|Any CPU
		Release|Any CPU = Release|Any CPU
	EndGlobalSection
	GlobalSection(ProjectConfigurationPlatforms) = postSolution
		{7A7AB7F3-213B-48AB-8A18-A7D722A8C35B}.Debug|Any CPU.ActiveCfg = Debug|Any CPU
		{7A7AB7F3-213B-48AB-8A18-A7D722A8C35B}.Debug|Any CPU.Build.0 = Debug|Any CPU
		{7A7AB7F3-213B-48AB-8A18-A7D722A8C35B}.Release|Any CPU.ActiveCfg = Release|Any CPU
		{7A7AB7F3-213B-48AB-8A18-A7D722A8C35B}.Release|Any CPU.Build.0 = Release|Any CPU
		{411320D6-1BE5-4324-BCC0-D3B2531DC724}.Debug|Any CPU.ActiveCfg = Debug|Any CPU
		{411320D6-1BE5-4324-BCC0-D3B2531DC724}.Debug|Any CPU.Build.0 = Debug|Any CPU
		{411320D6-1BE5-4324-BCC0-D3B2531DC724}.Release|Any CPU.ActiveCfg = Release|Any CPU
		{411320D6-1BE5-4324-BCC0-D3B2531DC724}.Release|Any CPU.Build.0 = Release|Any CPU
		{E8479F9B-148B-4608-8F90-BDA8B870C343}.Debug|Any CPU.ActiveCfg = Debug|Any CPU
		{E8479F9B-148B-4608-8F90-BDA8B870C343}.Debug|Any CPU.Build.0 = Debug|Any CPU
		{E8479F9B-148B-4608-8F90-BDA8B870C343}.Release|Any CPU.ActiveCfg = Release|Any CPU
		{E8479F9B-148B-4608-8F90-BDA8B870C343}.Release|Any CPU.Build.0 = Release|Any CPU
		{E5F94790-4B76-46DE-B266-734AB8E39ADA}.Debug|Any CPU.ActiveCfg = Debug|Any CPU
		{E5F94790-4B76-46DE-B266-734AB8E39ADA}.Debug|Any CPU.Build.0 = Debug|Any CPU
		{E5F94790-4B76-46DE-B266-734AB8E39ADA}.Release|Any CPU.ActiveCfg = Release|Any CPU
		{E5F94790-4B76-46DE-B266-734AB8E39ADA}.Release|Any CPU.Build.0 = Release|Any CPU
		{E0FFE7C2-A733-4BD2-B84D-78336D1C3295}.Debug|Any CPU.ActiveCfg = Debug|Any CPU
		{E0FFE7C2-A733-4BD2-B84D-78336D1C3295}.Debug|Any CPU.Build.0 = Debug|Any CPU
		{E0FFE7C2-A733-4BD2-B84D-78336D1C3295}.Release|Any CPU.ActiveCfg = Release|Any CPU
		{E0FFE7C2-A733-4BD2-B84D-78336D1C3295}.Release|Any CPU.Build.0 = Release|Any CPU
		{D2B70C0D-BBB8-4327-8221-542BB1089D25}.Debug|Any CPU.ActiveCfg = Debug|Any CPU
		{D2B70C0D-BBB8-4327-8221-542BB1089D25}.Debug|Any CPU.Build.0 = Debug|Any CPU
		{D2B70C0D-BBB8-4327-8221-542BB1089D25}.Release|Any CPU.ActiveCfg = Release|Any CPU
		{D2B70C0D-BBB8-4327-8221-542BB1089D25}.Release|Any CPU.Build.0 = Release|Any CPU
		{6B21A8B4-BC5D-4A02-BAF6-3F03340678EB}.Debug|Any CPU.ActiveCfg = Debug|Any CPU
		{6B21A8B4-BC5D-4A02-BAF6-3F03340678EB}.Debug|Any CPU.Build.0 = Debug|Any CPU
		{6B21A8B4-BC5D-4A02-BAF6-3F03340678EB}.Release|Any CPU.ActiveCfg = Release|Any CPU
		{6B21A8B4-BC5D-4A02-BAF6-3F03340678EB}.Release|Any CPU.Build.0 = Release|Any CPU
		{741D4946-04D4-4EB7-8C1A-3D1DC722B258}.Debug|Any CPU.ActiveCfg = Debug|Any CPU
		{741D4946-04D4-4EB7-8C1A-3D1DC722B258}.Debug|Any CPU.Build.0 = Debug|Any CPU
		{741D4946-04D4-4EB7-8C1A-3D1DC722B258}.Release|Any CPU.ActiveCfg = Release|Any CPU
		{741D4946-04D4-4EB7-8C1A-3D1DC722B258}.Release|Any CPU.Build.0 = Release|Any CPU
		{B0909A0D-CE81-4A6A-93AC-80F269AB98E5}.Debug|Any CPU.ActiveCfg = Debug|Any CPU
		{B0909A0D-CE81-4A6A-93AC-80F269AB98E5}.Debug|Any CPU.Build.0 = Debug|Any CPU
		{B0909A0D-CE81-4A6A-93AC-80F269AB98E5}.Release|Any CPU.ActiveCfg = Release|Any CPU
		{B0909A0D-CE81-4A6A-93AC-80F269AB98E5}.Release|Any CPU.Build.0 = Release|Any CPU
		{A394EE12-34C4-4C04-AD47-4F945E93922C}.Debug|Any CPU.ActiveCfg = Debug|Any CPU
		{A394EE12-34C4-4C04-AD47-4F945E93922C}.Debug|Any CPU.Build.0 = Debug|Any CPU
		{A394EE12-34C4-4C04-AD47-4F945E93922C}.Release|Any CPU.ActiveCfg = Release|Any CPU
		{A394EE12-34C4-4C04-AD47-4F945E93922C}.Release|Any CPU.Build.0 = Release|Any CPU
		{629C284C-5773-4766-A40F-A19D541C36C8}.Debug|Any CPU.ActiveCfg = Debug|Any CPU
		{629C284C-5773-4766-A40F-A19D541C36C8}.Debug|Any CPU.Build.0 = Debug|Any CPU
		{629C284C-5773-4766-A40F-A19D541C36C8}.Release|Any CPU.ActiveCfg = Release|Any CPU
		{629C284C-5773-4766-A40F-A19D541C36C8}.Release|Any CPU.Build.0 = Release|Any CPU
		{D34CE9AA-949A-47E9-8239-9E46638E0C38}.Debug|Any CPU.ActiveCfg = Debug|Any CPU
		{D34CE9AA-949A-47E9-8239-9E46638E0C38}.Debug|Any CPU.Build.0 = Debug|Any CPU
		{D34CE9AA-949A-47E9-8239-9E46638E0C38}.Release|Any CPU.ActiveCfg = Release|Any CPU
		{D34CE9AA-949A-47E9-8239-9E46638E0C38}.Release|Any CPU.Build.0 = Release|Any CPU
		{40556736-4CDB-47D3-A5DB-054882B66CED}.Debug|Any CPU.ActiveCfg = Debug|Any CPU
		{40556736-4CDB-47D3-A5DB-054882B66CED}.Debug|Any CPU.Build.0 = Debug|Any CPU
		{40556736-4CDB-47D3-A5DB-054882B66CED}.Release|Any CPU.ActiveCfg = Release|Any CPU
		{40556736-4CDB-47D3-A5DB-054882B66CED}.Release|Any CPU.Build.0 = Release|Any CPU
		{1D7DC18A-A893-4D9A-A7CA-BCD21C491E51}.Debug|Any CPU.ActiveCfg = Debug|Any CPU
		{1D7DC18A-A893-4D9A-A7CA-BCD21C491E51}.Debug|Any CPU.Build.0 = Debug|Any CPU
		{1D7DC18A-A893-4D9A-A7CA-BCD21C491E51}.Release|Any CPU.ActiveCfg = Release|Any CPU
		{1D7DC18A-A893-4D9A-A7CA-BCD21C491E51}.Release|Any CPU.Build.0 = Release|Any CPU
		{56D52D50-7A8E-4B9D-82AD-57C4A04C9CF5}.Debug|Any CPU.ActiveCfg = Debug|Any CPU
		{56D52D50-7A8E-4B9D-82AD-57C4A04C9CF5}.Debug|Any CPU.Build.0 = Debug|Any CPU
		{56D52D50-7A8E-4B9D-82AD-57C4A04C9CF5}.Release|Any CPU.ActiveCfg = Release|Any CPU
		{56D52D50-7A8E-4B9D-82AD-57C4A04C9CF5}.Release|Any CPU.Build.0 = Release|Any CPU
	EndGlobalSection
	GlobalSection(SolutionProperties) = preSolution
		HideSolutionNode = FALSE
	EndGlobalSection
	GlobalSection(NestedProjects) = preSolution
		{E5F94790-4B76-46DE-B266-734AB8E39ADA} = {A5D6536A-C6F8-4A2B-92BB-17E4F08D2A00}
		{E0FFE7C2-A733-4BD2-B84D-78336D1C3295} = {A5D6536A-C6F8-4A2B-92BB-17E4F08D2A00}
		{D2B70C0D-BBB8-4327-8221-542BB1089D25} = {A5D6536A-C6F8-4A2B-92BB-17E4F08D2A00}
		{6B21A8B4-BC5D-4A02-BAF6-3F03340678EB} = {A5D6536A-C6F8-4A2B-92BB-17E4F08D2A00}
		{741D4946-04D4-4EB7-8C1A-3D1DC722B258} = {A5D6536A-C6F8-4A2B-92BB-17E4F08D2A00}
		{B0909A0D-CE81-4A6A-93AC-80F269AB98E5} = {A5D6536A-C6F8-4A2B-92BB-17E4F08D2A00}
		{A394EE12-34C4-4C04-AD47-4F945E93922C} = {A5D6536A-C6F8-4A2B-92BB-17E4F08D2A00}
		{629C284C-5773-4766-A40F-A19D541C36C8} = {A5D6536A-C6F8-4A2B-92BB-17E4F08D2A00}
		{D34CE9AA-949A-47E9-8239-9E46638E0C38} = {A5D6536A-C6F8-4A2B-92BB-17E4F08D2A00}
		{40556736-4CDB-47D3-A5DB-054882B66CED} = {A5D6536A-C6F8-4A2B-92BB-17E4F08D2A00}
		{1D7DC18A-A893-4D9A-A7CA-BCD21C491E51} = {A5D6536A-C6F8-4A2B-92BB-17E4F08D2A00}
		{56D52D50-7A8E-4B9D-82AD-57C4A04C9CF5} = {A5D6536A-C6F8-4A2B-92BB-17E4F08D2A00}
	EndGlobalSection
	GlobalSection(ExtensibilityGlobals) = postSolution
		SolutionGuid = {29ACC2C2-4FBA-40D8-B9CE-9F21B6AA4E1B}
	EndGlobalSection
EndGlobal
