
Microsoft Visual Studio Solution File, Format Version 12.00
# Visual Studio Version 17
VisualStudioVersion = 17.11.35125.118
MinimumVisualStudioVersion = 10.0.40219.1
Project("{9A19103F-16F7-4668-BE54-9A1E7A4F7556}") = "DBEntitySchema", "DBEntitySchema\DBEntitySchema.csproj", "{4BA3E246-8C71-422C-A1E8-30567ECAFA40}"
EndProject
Project("{9A19103F-16F7-4668-BE54-9A1E7A4F7556}") = "LicenseGenerator", "LicenseGenerator\LicenseGenerator.csproj", "{94E033BA-8063-4621-A367-B8172A845367}"
EndProject
Project("{9A19103F-16F7-4668-BE54-9A1E7A4F7556}") = "LicenseVerify", "LicenseVerify\LicenseVerify.csproj", "{5E70CAD8-682F-44B2-B6C3-88D7D387BD9B}"
EndProject
Project("{9A19103F-16F7-4668-BE54-9A1E7A4F7556}") = "MonacoProvider", "MonacoProvider\MonacoProvider.csproj", "{E4334BD6-1072-4C80-8EBC-070E8429E07F}"
EndProject
Project("{2150E333-8FDC-42A3-9474-1A3956D46DE8}") = "EIC-Modules", "EIC-Modules", "{39769F05-17DA-4F69-9BFB-6F48CBB8CE4D}"
EndProject
Project("{2150E333-8FDC-42A3-9474-1A3956D46DE8}") = "ESB-AppModules", "ESB-AppModules", "{4F46120F-E8AD-493E-A605-17879A9534EE}"
EndProject
Project("{54A90642-561A-4BB1-A94E-469ADEE60C69}") = "WinAppWebAppsStudio", "WinAppWebAppsStudio\WinAppWebAppsStudio.esproj", "{AEFE31CC-8658-497D-9AC9-9BA7BFCF40F2}"
EndProject
Project("{9092AA53-FB77-4645-B42D-1CCCA6BD08BD}") = "WebLiveWebAppsStudio", "WebLiveWebAppsStudio\WebLiveWebAppsStudio.njsproj", "{8A21705A-4505-4EAD-816E-867F47A3CCF4}"
EndProject
Project("{2150E333-8FDC-42A3-9474-1A3956D46DE8}") = "MarkDownEditor", "MarkDownEditor", "{775D8D94-B89B-4778-A444-19CDD6630F36}"
EndProject
Project("{FAE04EC0-301F-11D3-BF4B-00C04F79EFBC}") = "DesignDocumentEditor", "MarkDownEditor\MarkDownEditor\DesignDocumentEditor.csproj", "{48932BB7-3CC3-4897-A466-BE91A9FA1E40}"
EndProject
Project("{FAE04EC0-301F-11D3-BF4B-00C04F79EFBC}") = "WkHtmlToImageWrapper", "MarkDownEditor\WkHtmlToImageWrapper\WkHtmlToImageWrapper.csproj", "{D01A2A12-54DD-4B88-A46A-926B4D0154DE}"
EndProject
Project("{FAE04EC0-301F-11D3-BF4B-00C04F79EFBC}") = "WkHtmlToPdfWrapper", "MarkDownEditor\WkHtmlToPdfWrapper\WkHtmlToPdfWrapper.csproj", "{B0F82DB9-F3EF-458E-8331-57563ABB84A8}"
EndProject
Global
	GlobalSection(SolutionConfigurationPlatforms) = preSolution
		Debug|Any CPU = Debug|Any CPU
		Debug|ARM64 = Debug|ARM64
		Debug|x64 = Debug|x64
		Debug|x86 = Debug|x86
		Release|Any CPU = Release|Any CPU
		Release|ARM64 = Release|ARM64
		Release|x64 = Release|x64
		Release|x86 = Release|x86
	EndGlobalSection
	GlobalSection(ProjectConfigurationPlatforms) = postSolution
		{4BA3E246-8C71-422C-A1E8-30567ECAFA40}.Debug|Any CPU.ActiveCfg = Debug|Any CPU
		{4BA3E246-8C71-422C-A1E8-30567ECAFA40}.Debug|Any CPU.Build.0 = Debug|Any CPU
		{4BA3E246-8C71-422C-A1E8-30567ECAFA40}.Debug|ARM64.ActiveCfg = Debug|Any CPU
		{4BA3E246-8C71-422C-A1E8-30567ECAFA40}.Debug|ARM64.Build.0 = Debug|Any CPU
		{4BA3E246-8C71-422C-A1E8-30567ECAFA40}.Debug|x64.ActiveCfg = Debug|Any CPU
		{4BA3E246-8C71-422C-A1E8-30567ECAFA40}.Debug|x64.Build.0 = Debug|Any CPU
		{4BA3E246-8C71-422C-A1E8-30567ECAFA40}.Debug|x86.ActiveCfg = Debug|Any CPU
		{4BA3E246-8C71-422C-A1E8-30567ECAFA40}.Debug|x86.Build.0 = Debug|Any CPU
		{4BA3E246-8C71-422C-A1E8-30567ECAFA40}.Release|Any CPU.ActiveCfg = Release|Any CPU
		{4BA3E246-8C71-422C-A1E8-30567ECAFA40}.Release|Any CPU.Build.0 = Release|Any CPU
		{4BA3E246-8C71-422C-A1E8-30567ECAFA40}.Release|ARM64.ActiveCfg = Release|Any CPU
		{4BA3E246-8C71-422C-A1E8-30567ECAFA40}.Release|ARM64.Build.0 = Release|Any CPU
		{4BA3E246-8C71-422C-A1E8-30567ECAFA40}.Release|x64.ActiveCfg = Release|Any CPU
		{4BA3E246-8C71-422C-A1E8-30567ECAFA40}.Release|x64.Build.0 = Release|Any CPU
		{4BA3E246-8C71-422C-A1E8-30567ECAFA40}.Release|x86.ActiveCfg = Release|Any CPU
		{4BA3E246-8C71-422C-A1E8-30567ECAFA40}.Release|x86.Build.0 = Release|Any CPU
		{94E033BA-8063-4621-A367-B8172A845367}.Debug|Any CPU.ActiveCfg = Debug|Any CPU
		{94E033BA-8063-4621-A367-B8172A845367}.Debug|Any CPU.Build.0 = Debug|Any CPU
		{94E033BA-8063-4621-A367-B8172A845367}.Debug|ARM64.ActiveCfg = Debug|Any CPU
		{94E033BA-8063-4621-A367-B8172A845367}.Debug|ARM64.Build.0 = Debug|Any CPU
		{94E033BA-8063-4621-A367-B8172A845367}.Debug|x64.ActiveCfg = Debug|Any CPU
		{94E033BA-8063-4621-A367-B8172A845367}.Debug|x64.Build.0 = Debug|Any CPU
		{94E033BA-8063-4621-A367-B8172A845367}.Debug|x86.ActiveCfg = Debug|Any CPU
		{94E033BA-8063-4621-A367-B8172A845367}.Debug|x86.Build.0 = Debug|Any CPU
		{94E033BA-8063-4621-A367-B8172A845367}.Release|Any CPU.ActiveCfg = Release|Any CPU
		{94E033BA-8063-4621-A367-B8172A845367}.Release|Any CPU.Build.0 = Release|Any CPU
		{94E033BA-8063-4621-A367-B8172A845367}.Release|ARM64.ActiveCfg = Release|Any CPU
		{94E033BA-8063-4621-A367-B8172A845367}.Release|ARM64.Build.0 = Release|Any CPU
		{94E033BA-8063-4621-A367-B8172A845367}.Release|x64.ActiveCfg = Release|Any CPU
		{94E033BA-8063-4621-A367-B8172A845367}.Release|x64.Build.0 = Release|Any CPU
		{94E033BA-8063-4621-A367-B8172A845367}.Release|x86.ActiveCfg = Release|Any CPU
		{94E033BA-8063-4621-A367-B8172A845367}.Release|x86.Build.0 = Release|Any CPU
		{5E70CAD8-682F-44B2-B6C3-88D7D387BD9B}.Debug|Any CPU.ActiveCfg = Debug|Any CPU
		{5E70CAD8-682F-44B2-B6C3-88D7D387BD9B}.Debug|Any CPU.Build.0 = Debug|Any CPU
		{5E70CAD8-682F-44B2-B6C3-88D7D387BD9B}.Debug|ARM64.ActiveCfg = Debug|Any CPU
		{5E70CAD8-682F-44B2-B6C3-88D7D387BD9B}.Debug|ARM64.Build.0 = Debug|Any CPU
		{5E70CAD8-682F-44B2-B6C3-88D7D387BD9B}.Debug|x64.ActiveCfg = Debug|Any CPU
		{5E70CAD8-682F-44B2-B6C3-88D7D387BD9B}.Debug|x64.Build.0 = Debug|Any CPU
		{5E70CAD8-682F-44B2-B6C3-88D7D387BD9B}.Debug|x86.ActiveCfg = Debug|Any CPU
		{5E70CAD8-682F-44B2-B6C3-88D7D387BD9B}.Debug|x86.Build.0 = Debug|Any CPU
		{5E70CAD8-682F-44B2-B6C3-88D7D387BD9B}.Release|Any CPU.ActiveCfg = Release|Any CPU
		{5E70CAD8-682F-44B2-B6C3-88D7D387BD9B}.Release|Any CPU.Build.0 = Release|Any CPU
		{5E70CAD8-682F-44B2-B6C3-88D7D387BD9B}.Release|ARM64.ActiveCfg = Release|Any CPU
		{5E70CAD8-682F-44B2-B6C3-88D7D387BD9B}.Release|ARM64.Build.0 = Release|Any CPU
		{5E70CAD8-682F-44B2-B6C3-88D7D387BD9B}.Release|x64.ActiveCfg = Release|Any CPU
		{5E70CAD8-682F-44B2-B6C3-88D7D387BD9B}.Release|x64.Build.0 = Release|Any CPU
		{5E70CAD8-682F-44B2-B6C3-88D7D387BD9B}.Release|x86.ActiveCfg = Release|Any CPU
		{5E70CAD8-682F-44B2-B6C3-88D7D387BD9B}.Release|x86.Build.0 = Release|Any CPU
		{E4334BD6-1072-4C80-8EBC-070E8429E07F}.Debug|Any CPU.ActiveCfg = Debug|Any CPU
		{E4334BD6-1072-4C80-8EBC-070E8429E07F}.Debug|Any CPU.Build.0 = Debug|Any CPU
		{E4334BD6-1072-4C80-8EBC-070E8429E07F}.Debug|ARM64.ActiveCfg = Debug|Any CPU
		{E4334BD6-1072-4C80-8EBC-070E8429E07F}.Debug|ARM64.Build.0 = Debug|Any CPU
		{E4334BD6-1072-4C80-8EBC-070E8429E07F}.Debug|x64.ActiveCfg = Debug|Any CPU
		{E4334BD6-1072-4C80-8EBC-070E8429E07F}.Debug|x64.Build.0 = Debug|Any CPU
		{E4334BD6-1072-4C80-8EBC-070E8429E07F}.Debug|x86.ActiveCfg = Debug|Any CPU
		{E4334BD6-1072-4C80-8EBC-070E8429E07F}.Debug|x86.Build.0 = Debug|Any CPU
		{E4334BD6-1072-4C80-8EBC-070E8429E07F}.Release|Any CPU.ActiveCfg = Release|Any CPU
		{E4334BD6-1072-4C80-8EBC-070E8429E07F}.Release|Any CPU.Build.0 = Release|Any CPU
		{E4334BD6-1072-4C80-8EBC-070E8429E07F}.Release|ARM64.ActiveCfg = Release|Any CPU
		{E4334BD6-1072-4C80-8EBC-070E8429E07F}.Release|ARM64.Build.0 = Release|Any CPU
		{E4334BD6-1072-4C80-8EBC-070E8429E07F}.Release|x64.ActiveCfg = Release|Any CPU
		{E4334BD6-1072-4C80-8EBC-070E8429E07F}.Release|x64.Build.0 = Release|Any CPU
		{E4334BD6-1072-4C80-8EBC-070E8429E07F}.Release|x86.ActiveCfg = Release|Any CPU
		{E4334BD6-1072-4C80-8EBC-070E8429E07F}.Release|x86.Build.0 = Release|Any CPU
		{AEFE31CC-8658-497D-9AC9-9BA7BFCF40F2}.Debug|Any CPU.ActiveCfg = Debug|Any CPU
		{AEFE31CC-8658-497D-9AC9-9BA7BFCF40F2}.Debug|Any CPU.Build.0 = Debug|Any CPU
		{AEFE31CC-8658-497D-9AC9-9BA7BFCF40F2}.Debug|Any CPU.Deploy.0 = Debug|Any CPU
		{AEFE31CC-8658-497D-9AC9-9BA7BFCF40F2}.Debug|ARM64.ActiveCfg = Debug|Any CPU
		{AEFE31CC-8658-497D-9AC9-9BA7BFCF40F2}.Debug|ARM64.Build.0 = Debug|Any CPU
		{AEFE31CC-8658-497D-9AC9-9BA7BFCF40F2}.Debug|ARM64.Deploy.0 = Debug|Any CPU
		{AEFE31CC-8658-497D-9AC9-9BA7BFCF40F2}.Debug|x64.ActiveCfg = Debug|Any CPU
		{AEFE31CC-8658-497D-9AC9-9BA7BFCF40F2}.Debug|x64.Build.0 = Debug|Any CPU
		{AEFE31CC-8658-497D-9AC9-9BA7BFCF40F2}.Debug|x64.Deploy.0 = Debug|Any CPU
		{AEFE31CC-8658-497D-9AC9-9BA7BFCF40F2}.Debug|x86.ActiveCfg = Debug|Any CPU
		{AEFE31CC-8658-497D-9AC9-9BA7BFCF40F2}.Debug|x86.Build.0 = Debug|Any CPU
		{AEFE31CC-8658-497D-9AC9-9BA7BFCF40F2}.Debug|x86.Deploy.0 = Debug|Any CPU
		{AEFE31CC-8658-497D-9AC9-9BA7BFCF40F2}.Release|Any CPU.ActiveCfg = Release|Any CPU
		{AEFE31CC-8658-497D-9AC9-9BA7BFCF40F2}.Release|Any CPU.Build.0 = Release|Any CPU
		{AEFE31CC-8658-497D-9AC9-9BA7BFCF40F2}.Release|Any CPU.Deploy.0 = Release|Any CPU
		{AEFE31CC-8658-497D-9AC9-9BA7BFCF40F2}.Release|ARM64.ActiveCfg = Release|Any CPU
		{AEFE31CC-8658-497D-9AC9-9BA7BFCF40F2}.Release|ARM64.Build.0 = Release|Any CPU
		{AEFE31CC-8658-497D-9AC9-9BA7BFCF40F2}.Release|ARM64.Deploy.0 = Release|Any CPU
		{AEFE31CC-8658-497D-9AC9-9BA7BFCF40F2}.Release|x64.ActiveCfg = Release|Any CPU
		{AEFE31CC-8658-497D-9AC9-9BA7BFCF40F2}.Release|x64.Build.0 = Release|Any CPU
		{AEFE31CC-8658-497D-9AC9-9BA7BFCF40F2}.Release|x64.Deploy.0 = Release|Any CPU
		{AEFE31CC-8658-497D-9AC9-9BA7BFCF40F2}.Release|x86.ActiveCfg = Release|Any CPU
		{AEFE31CC-8658-497D-9AC9-9BA7BFCF40F2}.Release|x86.Build.0 = Release|Any CPU
		{AEFE31CC-8658-497D-9AC9-9BA7BFCF40F2}.Release|x86.Deploy.0 = Release|Any CPU
		{8A21705A-4505-4EAD-816E-867F47A3CCF4}.Debug|Any CPU.ActiveCfg = Debug|Any CPU
		{8A21705A-4505-4EAD-816E-867F47A3CCF4}.Debug|Any CPU.Build.0 = Debug|Any CPU
		{8A21705A-4505-4EAD-816E-867F47A3CCF4}.Debug|ARM64.ActiveCfg = Debug|Any CPU
		{8A21705A-4505-4EAD-816E-867F47A3CCF4}.Debug|ARM64.Build.0 = Debug|Any CPU
		{8A21705A-4505-4EAD-816E-867F47A3CCF4}.Debug|x64.ActiveCfg = Debug|Any CPU
		{8A21705A-4505-4EAD-816E-867F47A3CCF4}.Debug|x64.Build.0 = Debug|Any CPU
		{8A21705A-4505-4EAD-816E-867F47A3CCF4}.Debug|x86.ActiveCfg = Debug|Any CPU
		{8A21705A-4505-4EAD-816E-867F47A3CCF4}.Debug|x86.Build.0 = Debug|Any CPU
		{8A21705A-4505-4EAD-816E-867F47A3CCF4}.Release|Any CPU.ActiveCfg = Release|Any CPU
		{8A21705A-4505-4EAD-816E-867F47A3CCF4}.Release|Any CPU.Build.0 = Release|Any CPU
		{8A21705A-4505-4EAD-816E-867F47A3CCF4}.Release|ARM64.ActiveCfg = Release|Any CPU
		{8A21705A-4505-4EAD-816E-867F47A3CCF4}.Release|ARM64.Build.0 = Release|Any CPU
		{8A21705A-4505-4EAD-816E-867F47A3CCF4}.Release|x64.ActiveCfg = Release|Any CPU
		{8A21705A-4505-4EAD-816E-867F47A3CCF4}.Release|x64.Build.0 = Release|Any CPU
		{8A21705A-4505-4EAD-816E-867F47A3CCF4}.Release|x86.ActiveCfg = Release|Any CPU
		{8A21705A-4505-4EAD-816E-867F47A3CCF4}.Release|x86.Build.0 = Release|Any CPU
		{48932BB7-3CC3-4897-A466-BE91A9FA1E40}.Debug|Any CPU.ActiveCfg = Debug|x64
		{48932BB7-3CC3-4897-A466-BE91A9FA1E40}.Debug|Any CPU.Build.0 = Debug|x64
		{48932BB7-3CC3-4897-A466-BE91A9FA1E40}.Debug|ARM64.ActiveCfg = Debug|x64
		{48932BB7-3CC3-4897-A466-BE91A9FA1E40}.Debug|ARM64.Build.0 = Debug|x64
		{48932BB7-3CC3-4897-A466-BE91A9FA1E40}.Debug|x64.ActiveCfg = Debug|x64
		{48932BB7-3CC3-4897-A466-BE91A9FA1E40}.Debug|x64.Build.0 = Debug|x64
		{48932BB7-3CC3-4897-A466-BE91A9FA1E40}.Debug|x86.ActiveCfg = Debug|x86
		{48932BB7-3CC3-4897-A466-BE91A9FA1E40}.Debug|x86.Build.0 = Debug|x86
		{48932BB7-3CC3-4897-A466-BE91A9FA1E40}.Release|Any CPU.ActiveCfg = Release|x64
		{48932BB7-3CC3-4897-A466-BE91A9FA1E40}.Release|Any CPU.Build.0 = Release|x64
		{48932BB7-3CC3-4897-A466-BE91A9FA1E40}.Release|ARM64.ActiveCfg = Release|x64
		{48932BB7-3CC3-4897-A466-BE91A9FA1E40}.Release|ARM64.Build.0 = Release|x64
		{48932BB7-3CC3-4897-A466-BE91A9FA1E40}.Release|x64.ActiveCfg = Release|x64
		{48932BB7-3CC3-4897-A466-BE91A9FA1E40}.Release|x64.Build.0 = Release|x64
		{48932BB7-3CC3-4897-A466-BE91A9FA1E40}.Release|x86.ActiveCfg = Release|x86
		{48932BB7-3CC3-4897-A466-BE91A9FA1E40}.Release|x86.Build.0 = Release|x86
		{D01A2A12-54DD-4B88-A46A-926B4D0154DE}.Debug|Any CPU.ActiveCfg = Debug|Any CPU
		{D01A2A12-54DD-4B88-A46A-926B4D0154DE}.Debug|Any CPU.Build.0 = Debug|Any CPU
		{D01A2A12-54DD-4B88-A46A-926B4D0154DE}.Debug|ARM64.ActiveCfg = Debug|Any CPU
		{D01A2A12-54DD-4B88-A46A-926B4D0154DE}.Debug|ARM64.Build.0 = Debug|Any CPU
		{D01A2A12-54DD-4B88-A46A-926B4D0154DE}.Debug|x64.ActiveCfg = Debug|Any CPU
		{D01A2A12-54DD-4B88-A46A-926B4D0154DE}.Debug|x64.Build.0 = Debug|Any CPU
		{D01A2A12-54DD-4B88-A46A-926B4D0154DE}.Debug|x86.ActiveCfg = Debug|Any CPU
		{D01A2A12-54DD-4B88-A46A-926B4D0154DE}.Debug|x86.Build.0 = Debug|Any CPU
		{D01A2A12-54DD-4B88-A46A-926B4D0154DE}.Release|Any CPU.ActiveCfg = Release|Any CPU
		{D01A2A12-54DD-4B88-A46A-926B4D0154DE}.Release|Any CPU.Build.0 = Release|Any CPU
		{D01A2A12-54DD-4B88-A46A-926B4D0154DE}.Release|ARM64.ActiveCfg = Release|Any CPU
		{D01A2A12-54DD-4B88-A46A-926B4D0154DE}.Release|ARM64.Build.0 = Release|Any CPU
		{D01A2A12-54DD-4B88-A46A-926B4D0154DE}.Release|x64.ActiveCfg = Release|Any CPU
		{D01A2A12-54DD-4B88-A46A-926B4D0154DE}.Release|x64.Build.0 = Release|Any CPU
		{D01A2A12-54DD-4B88-A46A-926B4D0154DE}.Release|x86.ActiveCfg = Release|Any CPU
		{D01A2A12-54DD-4B88-A46A-926B4D0154DE}.Release|x86.Build.0 = Release|Any CPU
		{B0F82DB9-F3EF-458E-8331-57563ABB84A8}.Debug|Any CPU.ActiveCfg = Debug|Any CPU
		{B0F82DB9-F3EF-458E-8331-57563ABB84A8}.Debug|Any CPU.Build.0 = Debug|Any CPU
		{B0F82DB9-F3EF-458E-8331-57563ABB84A8}.Debug|ARM64.ActiveCfg = Debug|Any CPU
		{B0F82DB9-F3EF-458E-8331-57563ABB84A8}.Debug|ARM64.Build.0 = Debug|Any CPU
		{B0F82DB9-F3EF-458E-8331-57563ABB84A8}.Debug|x64.ActiveCfg = Debug|Any CPU
		{B0F82DB9-F3EF-458E-8331-57563ABB84A8}.Debug|x64.Build.0 = Debug|Any CPU
		{B0F82DB9-F3EF-458E-8331-57563ABB84A8}.Debug|x86.ActiveCfg = Debug|Any CPU
		{B0F82DB9-F3EF-458E-8331-57563ABB84A8}.Debug|x86.Build.0 = Debug|Any CPU
		{B0F82DB9-F3EF-458E-8331-57563ABB84A8}.Release|Any CPU.ActiveCfg = Release|Any CPU
		{B0F82DB9-F3EF-458E-8331-57563ABB84A8}.Release|Any CPU.Build.0 = Release|Any CPU
		{B0F82DB9-F3EF-458E-8331-57563ABB84A8}.Release|ARM64.ActiveCfg = Release|Any CPU
		{B0F82DB9-F3EF-458E-8331-57563ABB84A8}.Release|ARM64.Build.0 = Release|Any CPU
		{B0F82DB9-F3EF-458E-8331-57563ABB84A8}.Release|x64.ActiveCfg = Release|Any CPU
		{B0F82DB9-F3EF-458E-8331-57563ABB84A8}.Release|x64.Build.0 = Release|Any CPU
		{B0F82DB9-F3EF-458E-8331-57563ABB84A8}.Release|x86.ActiveCfg = Release|Any CPU
		{B0F82DB9-F3EF-458E-8331-57563ABB84A8}.Release|x86.Build.0 = Release|Any CPU
	EndGlobalSection
	GlobalSection(SolutionProperties) = preSolution
		HideSolutionNode = FALSE
	EndGlobalSection
	GlobalSection(NestedProjects) = preSolution
		{4BA3E246-8C71-422C-A1E8-30567ECAFA40} = {39769F05-17DA-4F69-9BFB-6F48CBB8CE4D}
		{94E033BA-8063-4621-A367-B8172A845367} = {39769F05-17DA-4F69-9BFB-6F48CBB8CE4D}
		{5E70CAD8-682F-44B2-B6C3-88D7D387BD9B} = {39769F05-17DA-4F69-9BFB-6F48CBB8CE4D}
		{E4334BD6-1072-4C80-8EBC-070E8429E07F} = {39769F05-17DA-4F69-9BFB-6F48CBB8CE4D}
		{AEFE31CC-8658-497D-9AC9-9BA7BFCF40F2} = {4F46120F-E8AD-493E-A605-17879A9534EE}
		{8A21705A-4505-4EAD-816E-867F47A3CCF4} = {4F46120F-E8AD-493E-A605-17879A9534EE}
		{775D8D94-B89B-4778-A444-19CDD6630F36} = {4F46120F-E8AD-493E-A605-17879A9534EE}
		{48932BB7-3CC3-4897-A466-BE91A9FA1E40} = {775D8D94-B89B-4778-A444-19CDD6630F36}
		{D01A2A12-54DD-4B88-A46A-926B4D0154DE} = {775D8D94-B89B-4778-A444-19CDD6630F36}
		{B0F82DB9-F3EF-458E-8331-57563ABB84A8} = {775D8D94-B89B-4778-A444-19CDD6630F36}
	EndGlobalSection
	GlobalSection(ExtensibilityGlobals) = postSolution
		SolutionGuid = {7A11BEC7-245A-4F51-A8E2-C2F7D96458B2}
	EndGlobalSection
EndGlobal
